{
  "pins" : [
    {
      "identity" : "modernistik",
      "kind" : "remoteSourceControl",
      "location" : "https://github.com/modernistik/Modernistik.git",
      "state" : {
        "revision" : "1f5cb9933d5d34b79dab5ae8e0f22cb4f710cb5c",
        "version" : "0.7.2"
      }
    },
    {
      "identity" : "parse-swift",
      "kind" : "remoteSourceControl",
      "location" : "https://github.com/netreconlab/Parse-Swift.git",
      "state" : {
        "revision" : "12b8e752a21d53769b39441d02ff03261edecec8",
        "version" : "5.12.3"
      }
    },
    {
      "identity" : "timezonelocate",
      "kind" : "remoteSourceControl",
      "location" : "https://github.com/commandpostsoft/TimeZoneLocate.git",
      "state" : {
        "branch" : "main",
        "revision" : "23306e7e5d92ec630947364edf90246399220d21"
      }
    }
  ],
  "version" : 2
}
